// !$*UTF8*$!
{
	archiveVersion = 1;
	classes = {
	};
	objectVersion = 52;
	objects = {

/* Begin PBXBuildFile section */
		5BA270B5219CFC890031CA9A /* waifu2x in CopyFiles */ = {isa = PBXBuildFile; fileRef = 8AC3DBEB20D82B6F00644896 /* waifu2x */; settings = {ATTRIBUTES = (CodeSignOnCopy, ); }; };
		8A9919992265958A0094BCCF /* white.png in Resources */ = {isa = PBXBuildFile; fileRef = 8A9919942265958A0094BCCF /* white.png */; };
		8AACE77A20D821B20060240C /* NSImage+PNG.swift in Sources */ = {isa = PBXBuildFile; fileRef = 8AC63CC9201878FA001498E0 /* NSImage+PNG.swift */; };
		8AB3FE6A2413FD51006BF451 /* CGImage+Crop.swift in Sources */ = {isa = PBXBuildFile; fileRef = 8AB3FE692413FD51006BF451 /* CGImage+Crop.swift */; };
		8AC3DBEE20D82B6F00644896 /* main.swift in Sources */ = {isa = PBXBuildFile; fileRef = 8AC3DBED20D82B6F00644896 /* main.swift */; };
		8AC3DBF220D82B8700644896 /* waifu2x_mac.framework in Frameworks */ = {isa = PBXBuildFile; fileRef = 8AC63C232018462E001498E0 /* waifu2x_mac.framework */; };
		8AC63C2D2018462E001498E0 /* waifu2x_mac.framework in Frameworks */ = {isa = PBXBuildFile; fileRef = 8AC63C232018462E001498E0 /* waifu2x_mac.framework */; };
		8AC63C322018462E001498E0 /* waifu2x_macTests.swift in Sources */ = {isa = PBXBuildFile; fileRef = 8AC63C312018462E001498E0 /* waifu2x_macTests.swift */; };
		8AC63C342018462E001498E0 /* waifu2x_mac.h in Headers */ = {isa = PBXBuildFile; fileRef = 8AC63C262018462E001498E0 /* waifu2x_mac.h */; settings = {ATTRIBUTES = (Public, ); }; };
		8AC63C582018466A001498E0 /* AppDelegate.swift in Sources */ = {isa = PBXBuildFile; fileRef = 8AC63C572018466A001498E0 /* AppDelegate.swift */; };
		8AC63C5A2018466A001498E0 /* ViewController.swift in Sources */ = {isa = PBXBuildFile; fileRef = 8AC63C592018466A001498E0 /* ViewController.swift */; };
		8AC63C5C2018466A001498E0 /* Assets.xcassets in Resources */ = {isa = PBXBuildFile; fileRef = 8AC63C5B2018466A001498E0 /* Assets.xcassets */; };
		8AC63C5F2018466A001498E0 /* Main.storyboard in Resources */ = {isa = PBXBuildFile; fileRef = 8AC63C5D2018466A001498E0 /* Main.storyboard */; };
		8AC63C662018477F001498E0 /* Waifu2x.swift in Sources */ = {isa = PBXBuildFile; fileRef = 8AC63C652018477F001498E0 /* Waifu2x.swift */; };
		8AC63C8D201848FD001498E0 /* bicubic.metal in Sources */ = {isa = PBXBuildFile; fileRef = 8AC63C81201848FC001498E0 /* bicubic.metal */; };
		8AC63C8E201848FD001498E0 /* NSImage+Alpha.swift in Sources */ = {isa = PBXBuildFile; fileRef = 8AC63C82201848FC001498E0 /* NSImage+Alpha.swift */; };
		8AC63C8F201848FD001498E0 /* BackgroundPipeline.swift in Sources */ = {isa = PBXBuildFile; fileRef = 8AC63C83201848FC001498E0 /* BackgroundPipeline.swift */; };
		8AC63C90201848FD001498E0 /* NSImage+Crop.swift in Sources */ = {isa = PBXBuildFile; fileRef = 8AC63C84201848FC001498E0 /* NSImage+Crop.swift */; };
		8AC63C91201848FD001498E0 /* MetalBicubic.swift in Sources */ = {isa = PBXBuildFile; fileRef = 8AC63C85201848FC001498E0 /* MetalBicubic.swift */; };
		8AC63C92201848FD001498E0 /* NSImage+Bicubic.swift in Sources */ = {isa = PBXBuildFile; fileRef = 8AC63C86201848FC001498E0 /* NSImage+Bicubic.swift */; };
		8AC63C93201848FD001498E0 /* BackgroundTask.swift in Sources */ = {isa = PBXBuildFile; fileRef = 8AC63C87201848FC001498E0 /* BackgroundTask.swift */; };
		8AC63C94201848FD001498E0 /* Queue.swift in Sources */ = {isa = PBXBuildFile; fileRef = 8AC63C88201848FC001498E0 /* Queue.swift */; };
		8AC63C95201848FD001498E0 /* ModelFactory.swift in Sources */ = {isa = PBXBuildFile; fileRef = 8AC63C89201848FC001498E0 /* ModelFactory.swift */; };
		8AC63C96201848FD001498E0 /* CGImage+Expand.swift in Sources */ = {isa = PBXBuildFile; fileRef = 8AC63C8A201848FD001498E0 /* CGImage+Expand.swift */; };
		8AC63C97201848FD001498E0 /* Bicubic.swift in Sources */ = {isa = PBXBuildFile; fileRef = 8AC63C8B201848FD001498E0 /* Bicubic.swift */; };
		8AC63C98201848FD001498E0 /* MLModel+Prediction.swift in Sources */ = {isa = PBXBuildFile; fileRef = 8AC63C8C201848FD001498E0 /* MLModel+Prediction.swift */; };
		8AC63CAE20184902001498E0 /* photo_noise0_model.mlmodel in Sources */ = {isa = PBXBuildFile; fileRef = 8AC63C9B20184902001498E0 /* photo_noise0_model.mlmodel */; };
		8AC63CAF20184902001498E0 /* anime_noise2_model.mlmodel in Sources */ = {isa = PBXBuildFile; fileRef = 8AC63C9C20184902001498E0 /* anime_noise2_model.mlmodel */; };
		8AC63CB020184902001498E0 /* anime_noise1_model.mlmodel in Sources */ = {isa = PBXBuildFile; fileRef = 8AC63C9D20184902001498E0 /* anime_noise1_model.mlmodel */; };
		8AC63CB120184902001498E0 /* photo_noise3_model.mlmodel in Sources */ = {isa = PBXBuildFile; fileRef = 8AC63C9E20184902001498E0 /* photo_noise3_model.mlmodel */; };
		8AC63CB220184902001498E0 /* up_photo_noise1_scale2x_model.mlmodel in Sources */ = {isa = PBXBuildFile; fileRef = 8AC63C9F20184902001498E0 /* up_photo_noise1_scale2x_model.mlmodel */; };
		8AC63CB320184902001498E0 /* up_anime_noise2_scale2x_model.mlmodel in Sources */ = {isa = PBXBuildFile; fileRef = 8AC63CA020184902001498E0 /* up_anime_noise2_scale2x_model.mlmodel */; };
		8AC63CB420184902001498E0 /* up_photo_scale2x_model.mlmodel in Sources */ = {isa = PBXBuildFile; fileRef = 8AC63CA120184902001498E0 /* up_photo_scale2x_model.mlmodel */; };
		8AC63CB520184902001498E0 /* up_anime_noise0_scale2x_model.mlmodel in Sources */ = {isa = PBXBuildFile; fileRef = 8AC63CA220184902001498E0 /* up_anime_noise0_scale2x_model.mlmodel */; };
		8AC63CB620184902001498E0 /* up_photo_noise3_scale2x_model.mlmodel in Sources */ = {isa = PBXBuildFile; fileRef = 8AC63CA320184902001498E0 /* up_photo_noise3_scale2x_model.mlmodel */; };
		8AC63CB720184902001498E0 /* up_anime_scale2x_model.mlmodel in Sources */ = {isa = PBXBuildFile; fileRef = 8AC63CA420184902001498E0 /* up_anime_scale2x_model.mlmodel */; };
		8AC63CB820184902001498E0 /* anime_noise0_model.mlmodel in Sources */ = {isa = PBXBuildFile; fileRef = 8AC63CA520184902001498E0 /* anime_noise0_model.mlmodel */; };
		8AC63CB920184902001498E0 /* up_photo_noise0_scale2x_model.mlmodel in Sources */ = {isa = PBXBuildFile; fileRef = 8AC63CA620184902001498E0 /* up_photo_noise0_scale2x_model.mlmodel */; };
		8AC63CBA20184902001498E0 /* up_anime_noise3_scale2x_model.mlmodel in Sources */ = {isa = PBXBuildFile; fileRef = 8AC63CA720184902001498E0 /* up_anime_noise3_scale2x_model.mlmodel */; };
		8AC63CBB20184902001498E0 /* photo_noise2_model.mlmodel in Sources */ = {isa = PBXBuildFile; fileRef = 8AC63CA820184902001498E0 /* photo_noise2_model.mlmodel */; };
		8AC63CBC20184902001498E0 /* up_anime_noise1_scale2x_model.mlmodel in Sources */ = {isa = PBXBuildFile; fileRef = 8AC63CA920184902001498E0 /* up_anime_noise1_scale2x_model.mlmodel */; };
		8AC63CBD20184902001498E0 /* photo_noise1_model.mlmodel in Sources */ = {isa = PBXBuildFile; fileRef = 8AC63CAA20184902001498E0 /* photo_noise1_model.mlmodel */; };
		8AC63CBE20184902001498E0 /* up_photo_noise2_scale2x_model.mlmodel in Sources */ = {isa = PBXBuildFile; fileRef = 8AC63CAB20184902001498E0 /* up_photo_noise2_scale2x_model.mlmodel */; };
		8AC63CBF20184902001498E0 /* anime_noise3_model.mlmodel in Sources */ = {isa = PBXBuildFile; fileRef = 8AC63CAC20184902001498E0 /* anime_noise3_model.mlmodel */; };
		8AC63CC320185D7D001498E0 /* waifu2x_mac.framework in Frameworks */ = {isa = PBXBuildFile; fileRef = 8AC63C232018462E001498E0 /* waifu2x_mac.framework */; };
		8AC63CC420185D7D001498E0 /* waifu2x_mac.framework in Embed Frameworks */ = {isa = PBXBuildFile; fileRef = 8AC63C232018462E001498E0 /* waifu2x_mac.framework */; settings = {ATTRIBUTES = (CodeSignOnCopy, RemoveHeadersOnCopy, ); }; };
		8AF963CE24140F060081748C /* CommandLineKit in Frameworks */ = {isa = PBXBuildFile; productRef = 8AF963CD24140F060081748C /* CommandLineKit */; };
/* End PBXBuildFile section */

/* Begin PBXContainerItemProxy section */
		8A99199A226595F10094BCCF /* PBXContainerItemProxy */ = {
			isa = PBXContainerItemProxy;
			containerPortal = 8AC63C1A2018462E001498E0 /* Project object */;
			proxyType = 1;
			remoteGlobalIDString = 8AC63C542018466A001498E0;
			remoteInfo = "waifu2x-mac-app";
		};
		8AC63C2E2018462E001498E0 /* PBXContainerItemProxy */ = {
			isa = PBXContainerItemProxy;
			containerPortal = 8AC63C1A2018462E001498E0 /* Project object */;
			proxyType = 1;
			remoteGlobalIDString = 8AC63C222018462E001498E0;
			remoteInfo = "waifu2x-mac";
		};
		8AC63CC520185D7D001498E0 /* PBXContainerItemProxy */ = {
			isa = PBXContainerItemProxy;
			containerPortal = 8AC63C1A2018462E001498E0 /* Project object */;
			proxyType = 1;
			remoteGlobalIDString = 8AC63C222018462E001498E0;
			remoteInfo = "waifu2x-mac";
		};
/* End PBXContainerItemProxy section */

/* Begin PBXCopyFilesBuildPhase section */
		5BA270B4219CFC800031CA9A /* CopyFiles */ = {
			isa = PBXCopyFilesBuildPhase;
			buildActionMask = 2147483647;
			dstPath = "";
			dstSubfolderSpec = 6;
			files = (
				5BA270B5219CFC890031CA9A /* waifu2x in CopyFiles */,
			);
			runOnlyForDeploymentPostprocessing = 0;
		};
		8AC3DBE920D82B6F00644896 /* CopyFiles */ = {
			isa = PBXCopyFilesBuildPhase;
			buildActionMask = 2147483647;
			dstPath = /usr/share/man/man1/;
			dstSubfolderSpec = 0;
			files = (
			);
			runOnlyForDeploymentPostprocessing = 1;
		};
		8AC63CC720185D7D001498E0 /* Embed Frameworks */ = {
			isa = PBXCopyFilesBuildPhase;
			buildActionMask = 2147483647;
			dstPath = "";
			dstSubfolderSpec = 10;
			files = (
				8AC63CC420185D7D001498E0 /* waifu2x_mac.framework in Embed Frameworks */,
			);
			name = "Embed Frameworks";
			runOnlyForDeploymentPostprocessing = 0;
		};
/* End PBXCopyFilesBuildPhase section */

/* Begin PBXFileReference section */
		8A6F996E20D8288F00732686 /* libswiftAppKit.tbd */ = {isa = PBXFileReference; lastKnownFileType = "sourcecode.text-based-dylib-definition"; name = libswiftAppKit.tbd; path = System/Library/PrivateFrameworks/Swift/libswiftAppKit.tbd; sourceTree = SDKROOT; };
		8A9142C420D8049500AF98FA /* AppKit.framework */ = {isa = PBXFileReference; lastKnownFileType = wrapper.framework; name = AppKit.framework; path = System/Library/Frameworks/AppKit.framework; sourceTree = SDKROOT; };
		8A9919942265958A0094BCCF /* white.png */ = {isa = PBXFileReference; lastKnownFileType = image.png; path = white.png; sourceTree = "<group>"; };
		8AB3FE692413FD51006BF451 /* CGImage+Crop.swift */ = {isa = PBXFileReference; lastKnownFileType = sourcecode.swift; path = "CGImage+Crop.swift"; sourceTree = "<group>"; };
		8AC3DBE020D82A3D00644896 /* libswiftCore.tbd */ = {isa = PBXFileReference; lastKnownFileType = "sourcecode.text-based-dylib-definition"; name = libswiftCore.tbd; path = System/Library/PrivateFrameworks/Swift/libswiftCore.tbd; sourceTree = SDKROOT; };
		8AC3DBEB20D82B6F00644896 /* waifu2x */ = {isa = PBXFileReference; explicitFileType = "compiled.mach-o.executable"; includeInIndex = 0; path = waifu2x; sourceTree = BUILT_PRODUCTS_DIR; };
		8AC3DBED20D82B6F00644896 /* main.swift */ = {isa = PBXFileReference; lastKnownFileType = sourcecode.swift; path = main.swift; sourceTree = "<group>"; };
		8AC63C232018462E001498E0 /* waifu2x_mac.framework */ = {isa = PBXFileReference; explicitFileType = wrapper.framework; includeInIndex = 0; path = waifu2x_mac.framework; sourceTree = BUILT_PRODUCTS_DIR; };
		8AC63C262018462E001498E0 /* waifu2x_mac.h */ = {isa = PBXFileReference; lastKnownFileType = sourcecode.c.h; path = waifu2x_mac.h; sourceTree = "<group>"; };
		8AC63C272018462E001498E0 /* Info.plist */ = {isa = PBXFileReference; lastKnownFileType = text.plist.xml; path = Info.plist; sourceTree = "<group>"; };
		8AC63C2C2018462E001498E0 /* waifu2x-macTests.xctest */ = {isa = PBXFileReference; explicitFileType = wrapper.cfbundle; includeInIndex = 0; path = "waifu2x-macTests.xctest"; sourceTree = BUILT_PRODUCTS_DIR; };
		8AC63C312018462E001498E0 /* waifu2x_macTests.swift */ = {isa = PBXFileReference; lastKnownFileType = sourcecode.swift; path = waifu2x_macTests.swift; sourceTree = "<group>"; };
		8AC63C332018462E001498E0 /* Info.plist */ = {isa = PBXFileReference; lastKnownFileType = text.plist.xml; path = Info.plist; sourceTree = "<group>"; };
		8AC63C552018466A001498E0 /* waifu2x-mac-app.app */ = {isa = PBXFileReference; explicitFileType = wrapper.application; includeInIndex = 0; path = "waifu2x-mac-app.app"; sourceTree = BUILT_PRODUCTS_DIR; };
		8AC63C572018466A001498E0 /* AppDelegate.swift */ = {isa = PBXFileReference; lastKnownFileType = sourcecode.swift; path = AppDelegate.swift; sourceTree = "<group>"; };
		8AC63C592018466A001498E0 /* ViewController.swift */ = {isa = PBXFileReference; lastKnownFileType = sourcecode.swift; path = ViewController.swift; sourceTree = "<group>"; };
		8AC63C5B2018466A001498E0 /* Assets.xcassets */ = {isa = PBXFileReference; lastKnownFileType = folder.assetcatalog; path = Assets.xcassets; sourceTree = "<group>"; };
		8AC63C5E2018466A001498E0 /* Base */ = {isa = PBXFileReference; lastKnownFileType = file.storyboard; name = Base; path = Base.lproj/Main.storyboard; sourceTree = "<group>"; };
		8AC63C602018466A001498E0 /* Info.plist */ = {isa = PBXFileReference; lastKnownFileType = text.plist.xml; path = Info.plist; sourceTree = "<group>"; };
		8AC63C612018466A001498E0 /* waifu2x_mac_app.entitlements */ = {isa = PBXFileReference; lastKnownFileType = text.plist.entitlements; path = waifu2x_mac_app.entitlements; sourceTree = "<group>"; };
		8AC63C652018477F001498E0 /* Waifu2x.swift */ = {isa = PBXFileReference; lastKnownFileType = sourcecode.swift; path = Waifu2x.swift; sourceTree = "<group>"; };
		8AC63C81201848FC001498E0 /* bicubic.metal */ = {isa = PBXFileReference; fileEncoding = 4; lastKnownFileType = sourcecode.metal; path = bicubic.metal; sourceTree = "<group>"; };
		8AC63C82201848FC001498E0 /* NSImage+Alpha.swift */ = {isa = PBXFileReference; fileEncoding = 4; lastKnownFileType = sourcecode.swift; path = "NSImage+Alpha.swift"; sourceTree = "<group>"; };
		8AC63C83201848FC001498E0 /* BackgroundPipeline.swift */ = {isa = PBXFileReference; fileEncoding = 4; lastKnownFileType = sourcecode.swift; path = BackgroundPipeline.swift; sourceTree = "<group>"; };
		8AC63C84201848FC001498E0 /* NSImage+Crop.swift */ = {isa = PBXFileReference; fileEncoding = 4; lastKnownFileType = sourcecode.swift; path = "NSImage+Crop.swift"; sourceTree = "<group>"; };
		8AC63C85201848FC001498E0 /* MetalBicubic.swift */ = {isa = PBXFileReference; fileEncoding = 4; lastKnownFileType = sourcecode.swift; path = MetalBicubic.swift; sourceTree = "<group>"; };
		8AC63C86201848FC001498E0 /* NSImage+Bicubic.swift */ = {isa = PBXFileReference; fileEncoding = 4; lastKnownFileType = sourcecode.swift; path = "NSImage+Bicubic.swift"; sourceTree = "<group>"; };
		8AC63C87201848FC001498E0 /* BackgroundTask.swift */ = {isa = PBXFileReference; fileEncoding = 4; lastKnownFileType = sourcecode.swift; path = BackgroundTask.swift; sourceTree = "<group>"; };
		8AC63C88201848FC001498E0 /* Queue.swift */ = {isa = PBXFileReference; fileEncoding = 4; lastKnownFileType = sourcecode.swift; path = Queue.swift; sourceTree = "<group>"; };
		8AC63C89201848FC001498E0 /* ModelFactory.swift */ = {isa = PBXFileReference; fileEncoding = 4; lastKnownFileType = sourcecode.swift; path = ModelFactory.swift; sourceTree = "<group>"; };
		8AC63C8A201848FD001498E0 /* CGImage+Expand.swift */ = {isa = PBXFileReference; fileEncoding = 4; lastKnownFileType = sourcecode.swift; path = "CGImage+Expand.swift"; sourceTree = "<group>"; };
		8AC63C8B201848FD001498E0 /* Bicubic.swift */ = {isa = PBXFileReference; fileEncoding = 4; lastKnownFileType = sourcecode.swift; path = Bicubic.swift; sourceTree = "<group>"; };
		8AC63C8C201848FD001498E0 /* MLModel+Prediction.swift */ = {isa = PBXFileReference; fileEncoding = 4; lastKnownFileType = sourcecode.swift; path = "MLModel+Prediction.swift"; sourceTree = "<group>"; };
		8AC63C9B20184902001498E0 /* photo_noise0_model.mlmodel */ = {isa = PBXFileReference; lastKnownFileType = file.mlmodel; path = photo_noise0_model.mlmodel; sourceTree = "<group>"; };
		8AC63C9C20184902001498E0 /* anime_noise2_model.mlmodel */ = {isa = PBXFileReference; lastKnownFileType = file.mlmodel; path = anime_noise2_model.mlmodel; sourceTree = "<group>"; };
		8AC63C9D20184902001498E0 /* anime_noise1_model.mlmodel */ = {isa = PBXFileReference; lastKnownFileType = file.mlmodel; path = anime_noise1_model.mlmodel; sourceTree = "<group>"; };
		8AC63C9E20184902001498E0 /* photo_noise3_model.mlmodel */ = {isa = PBXFileReference; lastKnownFileType = file.mlmodel; path = photo_noise3_model.mlmodel; sourceTree = "<group>"; };
		8AC63C9F20184902001498E0 /* up_photo_noise1_scale2x_model.mlmodel */ = {isa = PBXFileReference; lastKnownFileType = file.mlmodel; path = up_photo_noise1_scale2x_model.mlmodel; sourceTree = "<group>"; };
		8AC63CA020184902001498E0 /* up_anime_noise2_scale2x_model.mlmodel */ = {isa = PBXFileReference; lastKnownFileType = file.mlmodel; path = up_anime_noise2_scale2x_model.mlmodel; sourceTree = "<group>"; };
		8AC63CA120184902001498E0 /* up_photo_scale2x_model.mlmodel */ = {isa = PBXFileReference; lastKnownFileType = file.mlmodel; path = up_photo_scale2x_model.mlmodel; sourceTree = "<group>"; };
		8AC63CA220184902001498E0 /* up_anime_noise0_scale2x_model.mlmodel */ = {isa = PBXFileReference; lastKnownFileType = file.mlmodel; path = up_anime_noise0_scale2x_model.mlmodel; sourceTree = "<group>"; };
		8AC63CA320184902001498E0 /* up_photo_noise3_scale2x_model.mlmodel */ = {isa = PBXFileReference; lastKnownFileType = file.mlmodel; path = up_photo_noise3_scale2x_model.mlmodel; sourceTree = "<group>"; };
		8AC63CA420184902001498E0 /* up_anime_scale2x_model.mlmodel */ = {isa = PBXFileReference; lastKnownFileType = file.mlmodel; path = up_anime_scale2x_model.mlmodel; sourceTree = "<group>"; };
		8AC63CA520184902001498E0 /* anime_noise0_model.mlmodel */ = {isa = PBXFileReference; lastKnownFileType = file.mlmodel; path = anime_noise0_model.mlmodel; sourceTree = "<group>"; };
		8AC63CA620184902001498E0 /* up_photo_noise0_scale2x_model.mlmodel */ = {isa = PBXFileReference; lastKnownFileType = file.mlmodel; path = up_photo_noise0_scale2x_model.mlmodel; sourceTree = "<group>"; };
		8AC63CA720184902001498E0 /* up_anime_noise3_scale2x_model.mlmodel */ = {isa = PBXFileReference; lastKnownFileType = file.mlmodel; path = up_anime_noise3_scale2x_model.mlmodel; sourceTree = "<group>"; };
		8AC63CA820184902001498E0 /* photo_noise2_model.mlmodel */ = {isa = PBXFileReference; lastKnownFileType = file.mlmodel; path = photo_noise2_model.mlmodel; sourceTree = "<group>"; };
		8AC63CA920184902001498E0 /* up_anime_noise1_scale2x_model.mlmodel */ = {isa = PBXFileReference; lastKnownFileType = file.mlmodel; path = up_anime_noise1_scale2x_model.mlmodel; sourceTree = "<group>"; };
		8AC63CAA20184902001498E0 /* photo_noise1_model.mlmodel */ = {isa = PBXFileReference; lastKnownFileType = file.mlmodel; path = photo_noise1_model.mlmodel; sourceTree = "<group>"; };
		8AC63CAB20184902001498E0 /* up_photo_noise2_scale2x_model.mlmodel */ = {isa = PBXFileReference; lastKnownFileType = file.mlmodel; path = up_photo_noise2_scale2x_model.mlmodel; sourceTree = "<group>"; };
		8AC63CAC20184902001498E0 /* anime_noise3_model.mlmodel */ = {isa = PBXFileReference; lastKnownFileType = file.mlmodel; path = anime_noise3_model.mlmodel; sourceTree = "<group>"; };
		8AC63CC120185ACB001498E0 /* MetalKit.framework */ = {isa = PBXFileReference; lastKnownFileType = wrapper.framework; name = MetalKit.framework; path = System/Library/Frameworks/MetalKit.framework; sourceTree = SDKROOT; };
		8AC63CC820186CF9001498E0 /* README.md */ = {isa = PBXFileReference; lastKnownFileType = net.daringfireball.markdown; path = README.md; sourceTree = "<group>"; };
		8AC63CC9201878FA001498E0 /* NSImage+PNG.swift */ = {isa = PBXFileReference; lastKnownFileType = sourcecode.swift; path = "NSImage+PNG.swift"; sourceTree = "<group>"; };
		8AC63CCB201879BF001498E0 /* waifu2x-mac-app.entitlements */ = {isa = PBXFileReference; lastKnownFileType = text.plist.entitlements; path = "waifu2x-mac-app.entitlements"; sourceTree = "<group>"; };
/* End PBXFileReference section */

/* Begin PBXFrameworksBuildPhase section */
		8AC3DBE820D82B6F00644896 /* Frameworks */ = {
			isa = PBXFrameworksBuildPhase;
			buildActionMask = 2147483647;
			files = (
				8AC3DBF220D82B8700644896 /* waifu2x_mac.framework in Frameworks */,
				8AF963CE24140F060081748C /* CommandLineKit in Frameworks */,
			);
			runOnlyForDeploymentPostprocessing = 0;
		};
		8AC63C1F2018462E001498E0 /* Frameworks */ = {
			isa = PBXFrameworksBuildPhase;
			buildActionMask = 2147483647;
			files = (
			);
			runOnlyForDeploymentPostprocessing = 0;
		};
		8AC63C292018462E001498E0 /* Frameworks */ = {
			isa = PBXFrameworksBuildPhase;
			buildActionMask = 2147483647;
			files = (
				8AC63C2D2018462E001498E0 /* waifu2x_mac.framework in Frameworks */,
			);
			runOnlyForDeploymentPostprocessing = 0;
		};
		8AC63C522018466A001498E0 /* Frameworks */ = {
			isa = PBXFrameworksBuildPhase;
			buildActionMask = 2147483647;
			files = (
				8AC63CC320185D7D001498E0 /* waifu2x_mac.framework in Frameworks */,
			);
			runOnlyForDeploymentPostprocessing = 0;
		};
/* End PBXFrameworksBuildPhase section */

/* Begin PBXGroup section */
		8AC3DBEC20D82B6F00644896 /* waifu2x-mac-cli */ = {
			isa = PBXGroup;
			children = (
				8AC3DBED20D82B6F00644896 /* main.swift */,
			);
			path = "waifu2x-mac-cli";
			sourceTree = "<group>";
		};
		8AC63C192018462E001498E0 = {
			isa = PBXGroup;
			children = (
				8AC63CC820186CF9001498E0 /* README.md */,
				8AC63C252018462E001498E0 /* waifu2x-mac */,
				8AC63C302018462E001498E0 /* waifu2x-macTests */,
				8AC63C562018466A001498E0 /* waifu2x-mac-app */,
				8AC3DBEC20D82B6F00644896 /* waifu2x-mac-cli */,
				8AC63C242018462E001498E0 /* Products */,
				8AC63CC020185ACA001498E0 /* Frameworks */,
			);
			sourceTree = "<group>";
		};
		8AC63C242018462E001498E0 /* Products */ = {
			isa = PBXGroup;
			children = (
				8AC63C232018462E001498E0 /* waifu2x_mac.framework */,
				8AC63C2C2018462E001498E0 /* waifu2x-macTests.xctest */,
				8AC63C552018466A001498E0 /* waifu2x-mac-app.app */,
				8AC3DBEB20D82B6F00644896 /* waifu2x */,
			);
			name = Products;
			sourceTree = "<group>";
		};
		8AC63C252018462E001498E0 /* waifu2x-mac */ = {
			isa = PBXGroup;
			children = (
				8AC63C9920184902001498E0 /* models */,
				8AC63C83201848FC001498E0 /* BackgroundPipeline.swift */,
				8AC63C87201848FC001498E0 /* BackgroundTask.swift */,
				8AC63C81201848FC001498E0 /* bicubic.metal */,
				8AC63C8B201848FD001498E0 /* Bicubic.swift */,
				8AC63C85201848FC001498E0 /* MetalBicubic.swift */,
				8AC63C8C201848FD001498E0 /* MLModel+Prediction.swift */,
				8AC63C89201848FC001498E0 /* ModelFactory.swift */,
				8AC63C88201848FC001498E0 /* Queue.swift */,
				8AB3FE692413FD51006BF451 /* CGImage+Crop.swift */,
				8AC63C82201848FC001498E0 /* NSImage+Alpha.swift */,
				8AC63C86201848FC001498E0 /* NSImage+Bicubic.swift */,
				8AC63C84201848FC001498E0 /* NSImage+Crop.swift */,
				8AC63C8A201848FD001498E0 /* CGImage+Expand.swift */,
				8AC63CC9201878FA001498E0 /* NSImage+PNG.swift */,
				8AC63C262018462E001498E0 /* waifu2x_mac.h */,
				8AC63C272018462E001498E0 /* Info.plist */,
				8AC63C652018477F001498E0 /* Waifu2x.swift */,
			);
			path = "waifu2x-mac";
			sourceTree = "<group>";
		};
		8AC63C302018462E001498E0 /* waifu2x-macTests */ = {
			isa = PBXGroup;
			children = (
				8A9919942265958A0094BCCF /* white.png */,
				8AC63C312018462E001498E0 /* waifu2x_macTests.swift */,
				8AC63C332018462E001498E0 /* Info.plist */,
			);
			path = "waifu2x-macTests";
			sourceTree = "<group>";
		};
		8AC63C562018466A001498E0 /* waifu2x-mac-app */ = {
			isa = PBXGroup;
			children = (
				8AC63CCB201879BF001498E0 /* waifu2x-mac-app.entitlements */,
				8AC63C572018466A001498E0 /* AppDelegate.swift */,
				8AC63C592018466A001498E0 /* ViewController.swift */,
				8AC63C5B2018466A001498E0 /* Assets.xcassets */,
				8AC63C5D2018466A001498E0 /* Main.storyboard */,
				8AC63C602018466A001498E0 /* Info.plist */,
				8AC63C612018466A001498E0 /* waifu2x_mac_app.entitlements */,
			);
			path = "waifu2x-mac-app";
			sourceTree = "<group>";
		};
		8AC63C9920184902001498E0 /* models */ = {
			isa = PBXGroup;
			children = (
				8AC63C9B20184902001498E0 /* photo_noise0_model.mlmodel */,
				8AC63C9C20184902001498E0 /* anime_noise2_model.mlmodel */,
				8AC63C9D20184902001498E0 /* anime_noise1_model.mlmodel */,
				8AC63C9E20184902001498E0 /* photo_noise3_model.mlmodel */,
				8AC63C9F20184902001498E0 /* up_photo_noise1_scale2x_model.mlmodel */,
				8AC63CA020184902001498E0 /* up_anime_noise2_scale2x_model.mlmodel */,
				8AC63CA120184902001498E0 /* up_photo_scale2x_model.mlmodel */,
				8AC63CA220184902001498E0 /* up_anime_noise0_scale2x_model.mlmodel */,
				8AC63CA320184902001498E0 /* up_photo_noise3_scale2x_model.mlmodel */,
				8AC63CA420184902001498E0 /* up_anime_scale2x_model.mlmodel */,
				8AC63CA520184902001498E0 /* anime_noise0_model.mlmodel */,
				8AC63CA620184902001498E0 /* up_photo_noise0_scale2x_model.mlmodel */,
				8AC63CA720184902001498E0 /* up_anime_noise3_scale2x_model.mlmodel */,
				8AC63CA820184902001498E0 /* photo_noise2_model.mlmodel */,
				8AC63CA920184902001498E0 /* up_anime_noise1_scale2x_model.mlmodel */,
				8AC63CAA20184902001498E0 /* photo_noise1_model.mlmodel */,
				8AC63CAB20184902001498E0 /* up_photo_noise2_scale2x_model.mlmodel */,
				8AC63CAC20184902001498E0 /* anime_noise3_model.mlmodel */,
			);
			path = models;
			sourceTree = "<group>";
		};
		8AC63CC020185ACA001498E0 /* Frameworks */ = {
			isa = PBXGroup;
			children = (
				8AC3DBE020D82A3D00644896 /* libswiftCore.tbd */,
				8A6F996E20D8288F00732686 /* libswiftAppKit.tbd */,
				8A9142C420D8049500AF98FA /* AppKit.framework */,
				8AC63CC120185ACB001498E0 /* MetalKit.framework */,
			);
			name = Frameworks;
			sourceTree = "<group>";
		};
/* End PBXGroup section */

/* Begin PBXHeadersBuildPhase section */
		8AC63C202018462E001498E0 /* Headers */ = {
			isa = PBXHeadersBuildPhase;
			buildActionMask = 2147483647;
			files = (
				8AC63C342018462E001498E0 /* waifu2x_mac.h in Headers */,
			);
			runOnlyForDeploymentPostprocessing = 0;
		};
/* End PBXHeadersBuildPhase section */

/* Begin PBXNativeTarget section */
		8AC3DBEA20D82B6F00644896 /* waifu2x-mac-cli */ = {
			isa = PBXNativeTarget;
			buildConfigurationList = 8AC3DBEF20D82B6F00644896 /* Build configuration list for PBXNativeTarget "waifu2x-mac-cli" */;
			buildPhases = (
				8AC3DBE720D82B6F00644896 /* Sources */,
				8AC3DBE820D82B6F00644896 /* Frameworks */,
				8AC3DBE920D82B6F00644896 /* CopyFiles */,
			);
			buildRules = (
			);
			dependencies = (
			);
			name = "waifu2x-mac-cli";
			packageProductDependencies = (
				8AF963CD24140F060081748C /* CommandLineKit */,
			);
			productName = "waifu2x-mac-cli";
			productReference = 8AC3DBEB20D82B6F00644896 /* waifu2x */;
			productType = "com.apple.product-type.tool";
		};
		8AC63C222018462E001498E0 /* waifu2x-mac */ = {
			isa = PBXNativeTarget;
			buildConfigurationList = 8AC63C372018462E001498E0 /* Build configuration list for PBXNativeTarget "waifu2x-mac" */;
			buildPhases = (
				8AC63C1E2018462E001498E0 /* Sources */,
				8AC63C1F2018462E001498E0 /* Frameworks */,
				8AC63C202018462E001498E0 /* Headers */,
				8AC63C212018462E001498E0 /* Resources */,
			);
			buildRules = (
			);
			dependencies = (
			);
			name = "waifu2x-mac";
			productName = "waifu2x-mac";
			productReference = 8AC63C232018462E001498E0 /* waifu2x_mac.framework */;
			productType = "com.apple.product-type.framework";
		};
		8AC63C2B2018462E001498E0 /* waifu2x-macTests */ = {
			isa = PBXNativeTarget;
			buildConfigurationList = 8AC63C3A2018462E001498E0 /* Build configuration list for PBXNativeTarget "waifu2x-macTests" */;
			buildPhases = (
				8AC63C282018462E001498E0 /* Sources */,
				8AC63C292018462E001498E0 /* Frameworks */,
				8AC63C2A2018462E001498E0 /* Resources */,
			);
			buildRules = (
			);
			dependencies = (
				8AC63C2F2018462E001498E0 /* PBXTargetDependency */,
				8A99199B226595F10094BCCF /* PBXTargetDependency */,
			);
			name = "waifu2x-macTests";
			productName = "waifu2x-macTests";
			productReference = 8AC63C2C2018462E001498E0 /* waifu2x-macTests.xctest */;
			productType = "com.apple.product-type.bundle.unit-test";
		};
		8AC63C542018466A001498E0 /* waifu2x-mac-app */ = {
			isa = PBXNativeTarget;
			buildConfigurationList = 8AC63C622018466A001498E0 /* Build configuration list for PBXNativeTarget "waifu2x-mac-app" */;
			buildPhases = (
				8AC63C512018466A001498E0 /* Sources */,
				8AC63C522018466A001498E0 /* Frameworks */,
				8AC63C532018466A001498E0 /* Resources */,
				8AC63CC720185D7D001498E0 /* Embed Frameworks */,
				5BA270B4219CFC800031CA9A /* CopyFiles */,
			);
			buildRules = (
			);
			dependencies = (
				8AC63CC620185D7D001498E0 /* PBXTargetDependency */,
			);
			name = "waifu2x-mac-app";
			productName = "waifu2x-mac-app";
			productReference = 8AC63C552018466A001498E0 /* waifu2x-mac-app.app */;
			productType = "com.apple.product-type.application";
		};
/* End PBXNativeTarget section */

/* Begin PBXProject section */
		8AC63C1A2018462E001498E0 /* Project object */ = {
			isa = PBXProject;
			attributes = {
				LastSwiftUpdateCheck = 0930;
				LastUpgradeCheck = 1020;
				ORGANIZATIONNAME = "谢宜";
				TargetAttributes = {
					8AC3DBEA20D82B6F00644896 = {
						CreatedOnToolsVersion = 9.3;
						LastSwiftMigration = 1020;
						ProvisioningStyle = Automatic;
					};
					8AC63C222018462E001498E0 = {
						CreatedOnToolsVersion = 9.2;
						LastSwiftMigration = 1020;
						ProvisioningStyle = Automatic;
					};
					8AC63C2B2018462E001498E0 = {
						CreatedOnToolsVersion = 9.2;
						ProvisioningStyle = Automatic;
					};
					8AC63C542018466A001498E0 = {
						CreatedOnToolsVersion = 9.2;
						LastSwiftMigration = 1020;
						ProvisioningStyle = Automatic;
					};
				};
			};
			buildConfigurationList = 8AC63C1D2018462E001498E0 /* Build configuration list for PBXProject "waifu2x-mac" */;
			compatibilityVersion = "Xcode 8.0";
			developmentRegion = en;
			hasScannedForEncodings = 0;
			knownRegions = (
				en,
				Base,
			);
			mainGroup = 8AC63C192018462E001498E0;
			packageReferences = (
				8AF963CC24140F060081748C /* XCRemoteSwiftPackageReference "CommandLine" */,
			);
			productRefGroup = 8AC63C242018462E001498E0 /* Products */;
			projectDirPath = "";
			projectRoot = "";
			targets = (
				8AC63C222018462E001498E0 /* waifu2x-mac */,
				8AC63C2B2018462E001498E0 /* waifu2x-macTests */,
				8AC63C542018466A001498E0 /* waifu2x-mac-app */,
				8AC3DBEA20D82B6F00644896 /* waifu2x-mac-cli */,
			);
		};
/* End PBXProject section */

/* Begin PBXResourcesBuildPhase section */
		8AC63C212018462E001498E0 /* Resources */ = {
			isa = PBXResourcesBuildPhase;
			buildActionMask = 2147483647;
			files = (
			);
			runOnlyForDeploymentPostprocessing = 0;
		};
		8AC63C2A2018462E001498E0 /* Resources */ = {
			isa = PBXResourcesBuildPhase;
			buildActionMask = 2147483647;
			files = (
				8A9919992265958A0094BCCF /* white.png in Resources */,
			);
			runOnlyForDeploymentPostprocessing = 0;
		};
		8AC63C532018466A001498E0 /* Resources */ = {
			isa = PBXResourcesBuildPhase;
			buildActionMask = 2147483647;
			files = (
				8AC63C5C2018466A001498E0 /* Assets.xcassets in Resources */,
				8AC63C5F2018466A001498E0 /* Main.storyboard in Resources */,
			);
			runOnlyForDeploymentPostprocessing = 0;
		};
/* End PBXResourcesBuildPhase section */

/* Begin PBXSourcesBuildPhase section */
		8AC3DBE720D82B6F00644896 /* Sources */ = {
			isa = PBXSourcesBuildPhase;
			buildActionMask = 2147483647;
			files = (
				8AC3DBEE20D82B6F00644896 /* main.swift in Sources */,
			);
			runOnlyForDeploymentPostprocessing = 0;
		};
		8AC63C1E2018462E001498E0 /* Sources */ = {
			isa = PBXSourcesBuildPhase;
			buildActionMask = 2147483647;
			files = (
				8AACE77A20D821B20060240C /* NSImage+PNG.swift in Sources */,
				8AC63C662018477F001498E0 /* Waifu2x.swift in Sources */,
				8AC63C92201848FD001498E0 /* NSImage+Bicubic.swift in Sources */,
				8AC63C98201848FD001498E0 /* MLModel+Prediction.swift in Sources */,
				8AC63CB820184902001498E0 /* anime_noise0_model.mlmodel in Sources */,
				8AC63CB920184902001498E0 /* up_photo_noise0_scale2x_model.mlmodel in Sources */,
				8AC63C93201848FD001498E0 /* BackgroundTask.swift in Sources */,
				8AC63CB720184902001498E0 /* up_anime_scale2x_model.mlmodel in Sources */,
				8AC63CB220184902001498E0 /* up_photo_noise1_scale2x_model.mlmodel in Sources */,
				8AC63C8F201848FD001498E0 /* BackgroundPipeline.swift in Sources */,
				8AC63CB320184902001498E0 /* up_anime_noise2_scale2x_model.mlmodel in Sources */,
				8AC63CB120184902001498E0 /* photo_noise3_model.mlmodel in Sources */,
				8AC63C8E201848FD001498E0 /* NSImage+Alpha.swift in Sources */,
				8AC63C97201848FD001498E0 /* Bicubic.swift in Sources */,
				8AC63C91201848FD001498E0 /* MetalBicubic.swift in Sources */,
				8AC63CBE20184902001498E0 /* up_photo_noise2_scale2x_model.mlmodel in Sources */,
				8AB3FE6A2413FD51006BF451 /* CGImage+Crop.swift in Sources */,
				8AC63CBB20184902001498E0 /* photo_noise2_model.mlmodel in Sources */,
				8AC63CB620184902001498E0 /* up_photo_noise3_scale2x_model.mlmodel in Sources */,
				8AC63CBC20184902001498E0 /* up_anime_noise1_scale2x_model.mlmodel in Sources */,
				8AC63CBA20184902001498E0 /* up_anime_noise3_scale2x_model.mlmodel in Sources */,
				8AC63C95201848FD001498E0 /* ModelFactory.swift in Sources */,
				8AC63C90201848FD001498E0 /* NSImage+Crop.swift in Sources */,
				8AC63CB020184902001498E0 /* anime_noise1_model.mlmodel in Sources */,
				8AC63CB520184902001498E0 /* up_anime_noise0_scale2x_model.mlmodel in Sources */,
				8AC63CAF20184902001498E0 /* anime_noise2_model.mlmodel in Sources */,
				8AC63CB420184902001498E0 /* up_photo_scale2x_model.mlmodel in Sources */,
				8AC63C94201848FD001498E0 /* Queue.swift in Sources */,
				8AC63C8D201848FD001498E0 /* bicubic.metal in Sources */,
				8AC63CBF20184902001498E0 /* anime_noise3_model.mlmodel in Sources */,
				8AC63C96201848FD001498E0 /* CGImage+Expand.swift in Sources */,
				8AC63CBD20184902001498E0 /* photo_noise1_model.mlmodel in Sources */,
				8AC63CAE20184902001498E0 /* photo_noise0_model.mlmodel in Sources */,
			);
			runOnlyForDeploymentPostprocessing = 0;
		};
		8AC63C282018462E001498E0 /* Sources */ = {
			isa = PBXSourcesBuildPhase;
			buildActionMask = 2147483647;
			files = (
				8AC63C322018462E001498E0 /* waifu2x_macTests.swift in Sources */,
			);
			runOnlyForDeploymentPostprocessing = 0;
		};
		8AC63C512018466A001498E0 /* Sources */ = {
			isa = PBXSourcesBuildPhase;
			buildActionMask = 2147483647;
			files = (
				8AC63C5A2018466A001498E0 /* ViewController.swift in Sources */,
				8AC63C582018466A001498E0 /* AppDelegate.swift in Sources */,
			);
			runOnlyForDeploymentPostprocessing = 0;
		};
/* End PBXSourcesBuildPhase section */

/* Begin PBXTargetDependency section */
		8A99199B226595F10094BCCF /* PBXTargetDependency */ = {
			isa = PBXTargetDependency;
			target = 8AC63C542018466A001498E0 /* waifu2x-mac-app */;
			targetProxy = 8A99199A226595F10094BCCF /* PBXContainerItemProxy */;
		};
		8AC63C2F2018462E001498E0 /* PBXTargetDependency */ = {
			isa = PBXTargetDependency;
			target = 8AC63C222018462E001498E0 /* waifu2x-mac */;
			targetProxy = 8AC63C2E2018462E001498E0 /* PBXContainerItemProxy */;
		};
		8AC63CC620185D7D001498E0 /* PBXTargetDependency */ = {
			isa = PBXTargetDependency;
			target = 8AC63C222018462E001498E0 /* waifu2x-mac */;
			targetProxy = 8AC63CC520185D7D001498E0 /* PBXContainerItemProxy */;
		};
/* End PBXTargetDependency section */

/* Begin PBXVariantGroup section */
		8AC63C5D2018466A001498E0 /* Main.storyboard */ = {
			isa = PBXVariantGroup;
			children = (
				8AC63C5E2018466A001498E0 /* Base */,
			);
			name = Main.storyboard;
			sourceTree = "<group>";
		};
/* End PBXVariantGroup section */

/* Begin XCBuildConfiguration section */
		8AC3DBF020D82B6F00644896 /* Debug */ = {
			isa = XCBuildConfiguration;
			buildSettings = {
				CLANG_ENABLE_OBJC_WEAK = YES;
				CLANG_WARN_DEPRECATED_OBJC_IMPLEMENTATIONS = YES;
				CLANG_WARN_OBJC_IMPLICIT_RETAIN_SELF = YES;
				CODE_SIGN_IDENTITY = "-";
				CODE_SIGN_STYLE = Automatic;
				DEVELOPMENT_TEAM = "";
				LD_RUNPATH_SEARCH_PATHS = (
					"@executable_path",
					"@executable_path/waifu2x_mac.framework/Versions/A/Frameworks",
					"@executable_path/../Frameworks",
					"@executable_path/../Frameworks/waifu2x_mac.framework/Versions/A/Frameworks",
				);
				PRODUCT_NAME = waifu2x;
				PROVISIONING_PROFILE_SPECIFIER = "";
				SKIP_INSTALL = YES;
				SWIFT_FORCE_DYNAMIC_LINK_STDLIB = YES;
				SWIFT_FORCE_STATIC_LINK_STDLIB = NO;
				SWIFT_VERSION = 5.0;
			};
			name = Debug;
		};
		8AC3DBF120D82B6F00644896 /* Release */ = {
			isa = XCBuildConfiguration;
			buildSettings = {
				CLANG_ENABLE_OBJC_WEAK = YES;
				CLANG_WARN_DEPRECATED_OBJC_IMPLEMENTATIONS = YES;
				CLANG_WARN_OBJC_IMPLICIT_RETAIN_SELF = YES;
				CODE_SIGN_IDENTITY = "-";
				CODE_SIGN_STYLE = Automatic;
				DEVELOPMENT_TEAM = "";
				LD_RUNPATH_SEARCH_PATHS = (
					"@executable_path",
					"@executable_path/waifu2x_mac.framework/Versions/A/Frameworks",
					"@executable_path/../Frameworks",
					"@executable_path/../Frameworks/waifu2x_mac.framework/Versions/A/Frameworks",
				);
				PRODUCT_NAME = waifu2x;
				PROVISIONING_PROFILE_SPECIFIER = "";
				SKIP_INSTALL = YES;
				SWIFT_FORCE_DYNAMIC_LINK_STDLIB = YES;
				SWIFT_FORCE_STATIC_LINK_STDLIB = NO;
				SWIFT_VERSION = 5.0;
			};
			name = Release;
		};
		8AC63C352018462E001498E0 /* Debug */ = {
			isa = XCBuildConfiguration;
			buildSettings = {
				ALWAYS_SEARCH_USER_PATHS = NO;
				CLANG_ANALYZER_NONNULL = YES;
				CLANG_ANALYZER_NUMBER_OBJECT_CONVERSION = YES_AGGRESSIVE;
				CLANG_CXX_LANGUAGE_STANDARD = "gnu++14";
				CLANG_CXX_LIBRARY = "libc++";
				CLANG_ENABLE_MODULES = YES;
				CLANG_ENABLE_OBJC_ARC = YES;
				CLANG_WARN_BLOCK_CAPTURE_AUTORELEASING = YES;
				CLANG_WARN_BOOL_CONVERSION = YES;
				CLANG_WARN_COMMA = YES;
				CLANG_WARN_CONSTANT_CONVERSION = YES;
				CLANG_WARN_DEPRECATED_OBJC_IMPLEMENTATIONS = YES;
				CLANG_WARN_DIRECT_OBJC_ISA_USAGE = YES_ERROR;
				CLANG_WARN_DOCUMENTATION_COMMENTS = YES;
				CLANG_WARN_EMPTY_BODY = YES;
				CLANG_WARN_ENUM_CONVERSION = YES;
				CLANG_WARN_INFINITE_RECURSION = YES;
				CLANG_WARN_INT_CONVERSION = YES;
				CLANG_WARN_NON_LITERAL_NULL_CONVERSION = YES;
				CLANG_WARN_OBJC_IMPLICIT_RETAIN_SELF = YES;
				CLANG_WARN_OBJC_LITERAL_CONVERSION = YES;
				CLANG_WARN_OBJC_ROOT_CLASS = YES_ERROR;
				CLANG_WARN_RANGE_LOOP_ANALYSIS = YES;
				CLANG_WARN_STRICT_PROTOTYPES = YES;
				CLANG_WARN_SUSPICIOUS_MOVE = YES;
				CLANG_WARN_UNGUARDED_AVAILABILITY = YES_AGGRESSIVE;
				CLANG_WARN_UNREACHABLE_CODE = YES;
				CLANG_WARN__DUPLICATE_METHOD_MATCH = YES;
				CODE_SIGN_IDENTITY = "Mac Developer";
				COPY_PHASE_STRIP = NO;
				CURRENT_PROJECT_VERSION = 1;
				DEBUG_INFORMATION_FORMAT = dwarf;
				ENABLE_STRICT_OBJC_MSGSEND = YES;
				ENABLE_TESTABILITY = YES;
				GCC_C_LANGUAGE_STANDARD = gnu11;
				GCC_DYNAMIC_NO_PIC = NO;
				GCC_NO_COMMON_BLOCKS = YES;
				GCC_OPTIMIZATION_LEVEL = 0;
				GCC_PREPROCESSOR_DEFINITIONS = (
					"DEBUG=1",
					"$(inherited)",
				);
				GCC_WARN_64_TO_32_BIT_CONVERSION = YES;
				GCC_WARN_ABOUT_RETURN_TYPE = YES_ERROR;
				GCC_WARN_UNDECLARED_SELECTOR = YES;
				GCC_WARN_UNINITIALIZED_AUTOS = YES_AGGRESSIVE;
				GCC_WARN_UNUSED_FUNCTION = YES;
				GCC_WARN_UNUSED_VARIABLE = YES;
				MACOSX_DEPLOYMENT_TARGET = 10.13;
				MTL_ENABLE_DEBUG_INFO = YES;
				ONLY_ACTIVE_ARCH = YES;
				SDKROOT = macosx;
				SWIFT_ACTIVE_COMPILATION_CONDITIONS = DEBUG;
				SWIFT_OPTIMIZATION_LEVEL = "-Onone";
				VERSIONING_SYSTEM = "apple-generic";
				VERSION_INFO_PREFIX = "";
			};
			name = Debug;
		};
		8AC63C362018462E001498E0 /* Release */ = {
			isa = XCBuildConfiguration;
			buildSettings = {
				ALWAYS_SEARCH_USER_PATHS = NO;
				CLANG_ANALYZER_NONNULL = YES;
				CLANG_ANALYZER_NUMBER_OBJECT_CONVERSION = YES_AGGRESSIVE;
				CLANG_CXX_LANGUAGE_STANDARD = "gnu++14";
				CLANG_CXX_LIBRARY = "libc++";
				CLANG_ENABLE_MODULES = YES;
				CLANG_ENABLE_OBJC_ARC = YES;
				CLANG_WARN_BLOCK_CAPTURE_AUTORELEASING = YES;
				CLANG_WARN_BOOL_CONVERSION = YES;
				CLANG_WARN_COMMA = YES;
				CLANG_WARN_CONSTANT_CONVERSION = YES;
				CLANG_WARN_DEPRECATED_OBJC_IMPLEMENTATIONS = YES;
				CLANG_WARN_DIRECT_OBJC_ISA_USAGE = YES_ERROR;
				CLANG_WARN_DOCUMENTATION_COMMENTS = YES;
				CLANG_WARN_EMPTY_BODY = YES;
				CLANG_WARN_ENUM_CONVERSION = YES;
				CLANG_WARN_INFINITE_RECURSION = YES;
				CLANG_WARN_INT_CONVERSION = YES;
				CLANG_WARN_NON_LITERAL_NULL_CONVERSION = YES;
				CLANG_WARN_OBJC_IMPLICIT_RETAIN_SELF = YES;
				CLANG_WARN_OBJC_LITERAL_CONVERSION = YES;
				CLANG_WARN_OBJC_ROOT_CLASS = YES_ERROR;
				CLANG_WARN_RANGE_LOOP_ANALYSIS = YES;
				CLANG_WARN_STRICT_PROTOTYPES = YES;
				CLANG_WARN_SUSPICIOUS_MOVE = YES;
				CLANG_WARN_UNGUARDED_AVAILABILITY = YES_AGGRESSIVE;
				CLANG_WARN_UNREACHABLE_CODE = YES;
				CLANG_WARN__DUPLICATE_METHOD_MATCH = YES;
				CODE_SIGN_IDENTITY = "Mac Developer";
				COPY_PHASE_STRIP = NO;
				CURRENT_PROJECT_VERSION = 1;
				DEBUG_INFORMATION_FORMAT = "dwarf-with-dsym";
				ENABLE_NS_ASSERTIONS = NO;
				ENABLE_STRICT_OBJC_MSGSEND = YES;
				GCC_C_LANGUAGE_STANDARD = gnu11;
				GCC_NO_COMMON_BLOCKS = YES;
				GCC_WARN_64_TO_32_BIT_CONVERSION = YES;
				GCC_WARN_ABOUT_RETURN_TYPE = YES_ERROR;
				GCC_WARN_UNDECLARED_SELECTOR = YES;
				GCC_WARN_UNINITIALIZED_AUTOS = YES_AGGRESSIVE;
				GCC_WARN_UNUSED_FUNCTION = YES;
				GCC_WARN_UNUSED_VARIABLE = YES;
				MACOSX_DEPLOYMENT_TARGET = 10.13;
				MTL_ENABLE_DEBUG_INFO = NO;
				SDKROOT = macosx;
				SWIFT_COMPILATION_MODE = wholemodule;
				SWIFT_OPTIMIZATION_LEVEL = "-O";
				VERSIONING_SYSTEM = "apple-generic";
				VERSION_INFO_PREFIX = "";
			};
			name = Release;
		};
		8AC63C382018462E001498E0 /* Debug */ = {
			isa = XCBuildConfiguration;
			buildSettings = {
				ALWAYS_EMBED_SWIFT_STANDARD_LIBRARIES = YES;
				CLANG_ENABLE_MODULES = YES;
				CODE_SIGN_IDENTITY = "-";
				CODE_SIGN_STYLE = Automatic;
				COMBINE_HIDPI_IMAGES = YES;
				COREML_CODEGEN_LANGUAGE = None;
				DEFINES_MODULE = YES;
				DEVELOPMENT_TEAM = "";
				DYLIB_COMPATIBILITY_VERSION = 1;
				DYLIB_CURRENT_VERSION = 1;
				DYLIB_INSTALL_NAME_BASE = "@rpath";
				EMBED_ASSET_PACKS_IN_PRODUCT_BUNDLE = YES;
				FRAMEWORK_VERSION = A;
				INFOPLIST_FILE = "waifu2x-mac/Info.plist";
				INSTALL_PATH = "$(LOCAL_LIBRARY_DIR)/Frameworks";
				LD_RUNPATH_SEARCH_PATHS = (
					"$(inherited)",
					"@executable_path/../Frameworks",
					"@loader_path/Frameworks",
					"@executable_path",
					"@executable_path/../Frameworks/waifu2x_mac.framework/Versions/A/Frameworks",
				);
				PRODUCT_BUNDLE_IDENTIFIER = "xieyi.waifu2x-mac";
				PRODUCT_NAME = "$(TARGET_NAME:c99extidentifier)";
				SKIP_INSTALL = YES;
				SWIFT_OPTIMIZATION_LEVEL = "-Onone";
				SWIFT_VERSION = 5.0;
			};
			name = Debug;
		};
		8AC63C392018462E001498E0 /* Release */ = {
			isa = XCBuildConfiguration;
			buildSettings = {
				ALWAYS_EMBED_SWIFT_STANDARD_LIBRARIES = YES;
				CLANG_ENABLE_MODULES = YES;
				CODE_SIGN_IDENTITY = "-";
				CODE_SIGN_STYLE = Automatic;
				COMBINE_HIDPI_IMAGES = YES;
				COREML_CODEGEN_LANGUAGE = None;
				DEFINES_MODULE = YES;
				DEVELOPMENT_TEAM = "";
				DYLIB_COMPATIBILITY_VERSION = 1;
				DYLIB_CURRENT_VERSION = 1;
				DYLIB_INSTALL_NAME_BASE = "@rpath";
				EMBED_ASSET_PACKS_IN_PRODUCT_BUNDLE = YES;
				FRAMEWORK_VERSION = A;
				INFOPLIST_FILE = "waifu2x-mac/Info.plist";
				INSTALL_PATH = "$(LOCAL_LIBRARY_DIR)/Frameworks";
				LD_RUNPATH_SEARCH_PATHS = (
					"$(inherited)",
					"@executable_path/../Frameworks",
					"@loader_path/Frameworks",
					"@executable_path",
					"@executable_path/../Frameworks/waifu2x_mac.framework/Versions/A/Frameworks",
				);
				PRODUCT_BUNDLE_IDENTIFIER = "xieyi.waifu2x-mac";
				PRODUCT_NAME = "$(TARGET_NAME:c99extidentifier)";
				SKIP_INSTALL = YES;
				SWIFT_VERSION = 5.0;
			};
			name = Release;
		};
		8AC63C3B2018462E001498E0 /* Debug */ = {
			isa = XCBuildConfiguration;
			buildSettings = {
				ALWAYS_EMBED_SWIFT_STANDARD_LIBRARIES = YES;
				CODE_SIGN_IDENTITY = "-";
				CODE_SIGN_STYLE = Automatic;
				COMBINE_HIDPI_IMAGES = YES;
				DEVELOPMENT_TEAM = "";
				INFOPLIST_FILE = "waifu2x-macTests/Info.plist";
				LD_RUNPATH_SEARCH_PATHS = (
					"$(inherited)",
					"@executable_path/../Frameworks",
					"@loader_path/../Frameworks",
				);
				PRODUCT_BUNDLE_IDENTIFIER = "xieyi.waifu2x-macTests";
				PRODUCT_NAME = "$(TARGET_NAME)";
				PROVISIONING_PROFILE_SPECIFIER = "";
				SWIFT_VERSION = 4.0;
			};
			name = Debug;
		};
		8AC63C3C2018462E001498E0 /* Release */ = {
			isa = XCBuildConfiguration;
			buildSettings = {
				ALWAYS_EMBED_SWIFT_STANDARD_LIBRARIES = YES;
				CODE_SIGN_IDENTITY = "-";
				CODE_SIGN_STYLE = Automatic;
				COMBINE_HIDPI_IMAGES = YES;
				DEVELOPMENT_TEAM = "";
				INFOPLIST_FILE = "waifu2x-macTests/Info.plist";
				LD_RUNPATH_SEARCH_PATHS = (
					"$(inherited)",
					"@executable_path/../Frameworks",
					"@loader_path/../Frameworks",
				);
				PRODUCT_BUNDLE_IDENTIFIER = "xieyi.waifu2x-macTests";
				PRODUCT_NAME = "$(TARGET_NAME)";
				PROVISIONING_PROFILE_SPECIFIER = "";
				SWIFT_VERSION = 4.0;
			};
			name = Release;
		};
		8AC63C632018466A001498E0 /* Debug */ = {
			isa = XCBuildConfiguration;
			buildSettings = {
				ALWAYS_EMBED_SWIFT_STANDARD_LIBRARIES = YES;
				ASSETCATALOG_COMPILER_APPICON_NAME = AppIcon;
				CODE_SIGN_ENTITLEMENTS = "waifu2x-mac-app/waifu2x-mac-app.entitlements";
				CODE_SIGN_IDENTITY = "-";
				CODE_SIGN_STYLE = Automatic;
				COMBINE_HIDPI_IMAGES = YES;
				DEVELOPMENT_TEAM = "";
				EMBED_ASSET_PACKS_IN_PRODUCT_BUNDLE = YES;
				INFOPLIST_FILE = "waifu2x-mac-app/Info.plist";
				LD_RUNPATH_SEARCH_PATHS = (
					"$(inherited)",
					"@executable_path/../Frameworks",
					"@executable_path/Frameworks",
				);
				PRODUCT_BUNDLE_IDENTIFIER = "xieyi.waifu2x-mac.app";
				PRODUCT_NAME = "$(TARGET_NAME)";
				SWIFT_VERSION = 5.0;
			};
			name = Debug;
		};
		8AC63C642018466A001498E0 /* Release */ = {
			isa = XCBuildConfiguration;
			buildSettings = {
				ALWAYS_EMBED_SWIFT_STANDARD_LIBRARIES = YES;
				ASSETCATALOG_COMPILER_APPICON_NAME = AppIcon;
				CODE_SIGN_ENTITLEMENTS = "waifu2x-mac-app/waifu2x-mac-app.entitlements";
				CODE_SIGN_IDENTITY = "-";
				CODE_SIGN_STYLE = Automatic;
				COMBINE_HIDPI_IMAGES = YES;
				DEVELOPMENT_TEAM = "";
				EMBED_ASSET_PACKS_IN_PRODUCT_BUNDLE = YES;
				INFOPLIST_FILE = "waifu2x-mac-app/Info.plist";
				LD_RUNPATH_SEARCH_PATHS = (
					"$(inherited)",
					"@executable_path/../Frameworks",
					"@executable_path/Frameworks",
				);
				PRODUCT_BUNDLE_IDENTIFIER = "xieyi.waifu2x-mac.app";
				PRODUCT_NAME = "$(TARGET_NAME)";
				SWIFT_VERSION = 5.0;
			};
			name = Release;
		};
/* End XCBuildConfiguration section */

/* Begin XCConfigurationList section */
		8AC3DBEF20D82B6F00644896 /* Build configuration list for PBXNativeTarget "waifu2x-mac-cli" */ = {
			isa = XCConfigurationList;
			buildConfigurations = (
				8AC3DBF020D82B6F00644896 /* Debug */,
				8AC3DBF120D82B6F00644896 /* Release */,
			);
			defaultConfigurationIsVisible = 0;
			defaultConfigurationName = Release;
		};
		8AC63C1D2018462E001498E0 /* Build configuration list for PBXProject "waifu2x-mac" */ = {
			isa = XCConfigurationList;
			buildConfigurations = (
				8AC63C352018462E001498E0 /* Debug */,
				8AC63C362018462E001498E0 /* Release */,
			);
			defaultConfigurationIsVisible = 0;
			defaultConfigurationName = Release;
		};
		8AC63C372018462E001498E0 /* Build configuration list for PBXNativeTarget "waifu2x-mac" */ = {
			isa = XCConfigurationList;
			buildConfigurations = (
				8AC63C382018462E001498E0 /* Debug */,
				8AC63C392018462E001498E0 /* Release */,
			);
			defaultConfigurationIsVisible = 0;
			defaultConfigurationName = Release;
		};
		8AC63C3A2018462E001498E0 /* Build configuration list for PBXNativeTarget "waifu2x-macTests" */ = {
			isa = XCConfigurationList;
			buildConfigurations = (
				8AC63C3B2018462E001498E0 /* Debug */,
				8AC63C3C2018462E001498E0 /* Release */,
			);
			defaultConfigurationIsVisible = 0;
			defaultConfigurationName = Release;
		};
		8AC63C622018466A001498E0 /* Build configuration list for PBXNativeTarget "waifu2x-mac-app" */ = {
			isa = XCConfigurationList;
			buildConfigurations = (
				8AC63C632018466A001498E0 /* Debug */,
				8AC63C642018466A001498E0 /* Release */,
			);
			defaultConfigurationIsVisible = 0;
			defaultConfigurationName = Release;
		};
/* End XCConfigurationList section */

/* Begin XCRemoteSwiftPackageReference section */
		8AF963CC24140F060081748C /* XCRemoteSwiftPackageReference "CommandLine" */ = {
			isa = XCRemoteSwiftPackageReference;
			repositoryURL = "https://github.com/benoit-pereira-da-silva/CommandLine";
			requirement = {
				branch = master;
				kind = branch;
			};
		};
/* End XCRemoteSwiftPackageReference section */

/* Begin XCSwiftPackageProductDependency section */
		8AF963CD24140F060081748C /* CommandLineKit */ = {
			isa = XCSwiftPackageProductDependency;
			package = 8AF963CC24140F060081748C /* XCRemoteSwiftPackageReference "CommandLine" */;
			productName = CommandLineKit;
		};
/* End XCSwiftPackageProductDependency section */
	};
	rootObject = 8AC63C1A2018462E001498E0 /* Project object */;
}
